
Microsoft Visual Studio Solution File, Format Version 12.00
# Visual Studio 15
VisualStudioVersion = 15.0.27428.2037
MinimumVisualStudioVersion = 10.0.40219.1
Project("{9A19103F-16F7-4668-BE54-9A1E7A4F7556}") = "CityInfo.API", "CityInfo.API\CityInfo.API.csproj", "{2D02AF24-D251-41D0-B439-9596F503BD9F}"
EndProject
Global
	GlobalSection(SolutionConfigurationPlatforms) = preSolution
		Debug|Any CPU = Debug|Any CPU
		Release|Any CPU = Release|Any CPU
	EndGlobalSection
	GlobalSection(ProjectConfigurationPlatforms) = postSolution
		{2D02AF24-D251-41D0-B439-9596F503BD9F}.Debug|Any CPU.ActiveCfg = Debug|Any CPU
		{2D02AF24-D251-41D0-B439-9596F503BD9F}.Debug|Any CPU.Build.0 = Debug|Any CPU
		{2D02AF24-D251-41D0-B439-9596F503BD9F}.Release|Any CPU.ActiveCfg = Debug|Any CPU
		{2D02AF24-D251-41D0-B439-9596F503BD9F}.Release|Any CPU.Build.0 = Debug|Any CPU
	EndGlobalSection
	GlobalSection(SolutionProperties) = preSolution
		HideSolutionNode = FALSE
	EndGlobalSection
	GlobalSection(ExtensibilityGlobals) = postSolution
		SolutionGuid = {102A1F7D-6876-4734-B445-4AAB86FF49D4}
	EndGlobalSection
EndGlobal
